
Microsoft Visual Studio Solution File, Format Version 12.00
# Visual Studio Version 16
VisualStudioVersion = 16.0.33027.164
MinimumVisualStudioVersion = 10.0.40219.1
Project("{FAE04EC0-301F-11D3-BF4B-00C04F79EFBC}") = "CopiaFoto", "CopiaFoto.csproj", "{3BDCC079-26EA-473D-BBFF-C6128316125B}"
EndProject
Global
	GlobalSection(SolutionConfigurationPlatforms) = preSolution
		Debug|Any CPU = Debug|Any CPU
		Release|Any CPU = Release|Any CPU
	EndGlobalSection
	GlobalSection(ProjectConfigurationPlatforms) = postSolution
		{3BDCC079-26EA-473D-BBFF-C6128316125B}.Debug|Any CPU.ActiveCfg = Debug|Any CPU
		{3BDCC079-26EA-473D-BBFF-C6128316125B}.Debug|Any CPU.Build.0 = Debug|Any CPU
		{3BDCC079-26EA-473D-BBFF-C6128316125B}.Release|Any CPU.ActiveCfg = Release|Any CPU
		{3BDCC079-26EA-473D-BBFF-C6128316125B}.Release|Any CPU.Build.0 = Release|Any CPU
	EndGlobalSection
	GlobalSection(SolutionProperties) = preSolution
		HideSolutionNode = FALSE
	EndGlobalSection
	GlobalSection(ExtensibilityGlobals) = postSolution
		SolutionGuid = {FCD4D638-359F-466F-B2D3-38345F5699D6}
	EndGlobalSection
EndGlobal
